
Microsoft Visual Studio Solution File, Format Version 12.00
# Visual Studio Version 17
VisualStudioVersion = 17.11.35222.181
MinimumVisualStudioVersion = 10.0.40219.1
Project("{8BC9CEB8-8B4A-11D0-8D11-00A0C91BC942}") = "Lab_8.1.rec", "Lab_8.1.rec\Lab_8.1.rec.vcxproj", "{3585B594-614E-451B-94A7-8BE752826C3D}"
EndProject
Project("{8BC9CEB8-8B4A-11D0-8D11-00A0C91BC942}") = "UnitTest_8.1.rec", "UnitTest_8.1.rec\UnitTest_8.1.rec.vcxproj", "{2534728A-5291-4B7A-96C1-FFA63FA6BF48}"
EndProject
Global
	GlobalSection(SolutionConfigurationPlatforms) = preSolution
		Debug|x64 = Debug|x64
		Debug|x86 = Debug|x86
		Release|x64 = Release|x64
		Release|x86 = Release|x86
	EndGlobalSection
	GlobalSection(ProjectConfigurationPlatforms) = postSolution
		{3585B594-614E-451B-94A7-8BE752826C3D}.Debug|x64.ActiveCfg = Debug|x64
		{3585B594-614E-451B-94A7-8BE752826C3D}.Debug|x64.Build.0 = Debug|x64
		{3585B594-614E-451B-94A7-8BE752826C3D}.Debug|x86.ActiveCfg = Debug|Win32
		{3585B594-614E-451B-94A7-8BE752826C3D}.Debug|x86.Build.0 = Debug|Win32
		{3585B594-614E-451B-94A7-8BE752826C3D}.Release|x64.ActiveCfg = Release|x64
		{3585B594-614E-451B-94A7-8BE752826C3D}.Release|x64.Build.0 = Release|x64
		{3585B594-614E-451B-94A7-8BE752826C3D}.Release|x86.ActiveCfg = Release|Win32
		{3585B594-614E-451B-94A7-8BE752826C3D}.Release|x86.Build.0 = Release|Win32
		{2534728A-5291-4B7A-96C1-FFA63FA6BF48}.Debug|x64.ActiveCfg = Debug|x64
		{2534728A-5291-4B7A-96C1-FFA63FA6BF48}.Debug|x64.Build.0 = Debug|x64
		{2534728A-5291-4B7A-96C1-FFA63FA6BF48}.Debug|x86.ActiveCfg = Debug|Win32
		{2534728A-5291-4B7A-96C1-FFA63FA6BF48}.Debug|x86.Build.0 = Debug|Win32
		{2534728A-5291-4B7A-96C1-FFA63FA6BF48}.Release|x64.ActiveCfg = Release|x64
		{2534728A-5291-4B7A-96C1-FFA63FA6BF48}.Release|x64.Build.0 = Release|x64
		{2534728A-5291-4B7A-96C1-FFA63FA6BF48}.Release|x86.ActiveCfg = Release|Win32
		{2534728A-5291-4B7A-96C1-FFA63FA6BF48}.Release|x86.Build.0 = Release|Win32
	EndGlobalSection
	GlobalSection(SolutionProperties) = preSolution
		HideSolutionNode = FALSE
	EndGlobalSection
	GlobalSection(ExtensibilityGlobals) = postSolution
		SolutionGuid = {520EA275-D40C-49C3-854D-8790FC8FB6CC}
	EndGlobalSection
EndGlobal
